
Microsoft Visual Studio Solution File, Format Version 12.00
Project("{FAE04EC0-301F-11D3-BF4B-00C04F79EFBC}") = "Scenario", "Scenario\Scenario.csproj", "{C6A8449B-CDCF-49D8-9666-B5AF48E50B50}"
EndProject
Project("{FAE04EC0-301F-11D3-BF4B-00C04F79EFBC}") = "Scenario.Moq", "Scenario.Moq\Scenario.Moq.csproj", "{BFA8753C-EAFE-4C72-A512-CCF020663F20}"
EndProject
Project("{FAE04EC0-301F-11D3-BF4B-00C04F79EFBC}") = "Scenario.Moq.Tests", "Scenario.Moq.Tests\Scenario.Moq.Tests.csproj", "{66F40477-15F9-4DC9-87D2-EB62CF76589A}"
EndProject
Project("{FAE04EC0-301F-11D3-BF4B-00C04F79EFBC}") = "Scenario.EFCore", "Scenario.EFCore\Scenario.EFCore.csproj", "{6113CF8F-26C9-4332-B0FF-D7753F342954}"
EndProject
Project("{FAE04EC0-301F-11D3-BF4B-00C04F79EFBC}") = "Scenario.FakeS3", "Scenario.FakeS3\Scenario.FakeS3.csproj", "{BE3AA634-1B95-4398-B9F9-D4F29662B3AF}"
EndProject
Global
	GlobalSection(SolutionConfigurationPlatforms) = preSolution
		Debug|Any CPU = Debug|Any CPU
		Release|Any CPU = Release|Any CPU
	EndGlobalSection
	GlobalSection(ProjectConfigurationPlatforms) = postSolution
		{C6A8449B-CDCF-49D8-9666-B5AF48E50B50}.Debug|Any CPU.ActiveCfg = Debug|Any CPU
		{C6A8449B-CDCF-49D8-9666-B5AF48E50B50}.Debug|Any CPU.Build.0 = Debug|Any CPU
		{C6A8449B-CDCF-49D8-9666-B5AF48E50B50}.Release|Any CPU.ActiveCfg = Release|Any CPU
		{C6A8449B-CDCF-49D8-9666-B5AF48E50B50}.Release|Any CPU.Build.0 = Release|Any CPU
		{BFA8753C-EAFE-4C72-A512-CCF020663F20}.Debug|Any CPU.ActiveCfg = Debug|Any CPU
		{BFA8753C-EAFE-4C72-A512-CCF020663F20}.Debug|Any CPU.Build.0 = Debug|Any CPU
		{BFA8753C-EAFE-4C72-A512-CCF020663F20}.Release|Any CPU.ActiveCfg = Release|Any CPU
		{BFA8753C-EAFE-4C72-A512-CCF020663F20}.Release|Any CPU.Build.0 = Release|Any CPU
		{66F40477-15F9-4DC9-87D2-EB62CF76589A}.Debug|Any CPU.ActiveCfg = Debug|Any CPU
		{66F40477-15F9-4DC9-87D2-EB62CF76589A}.Debug|Any CPU.Build.0 = Debug|Any CPU
		{66F40477-15F9-4DC9-87D2-EB62CF76589A}.Release|Any CPU.ActiveCfg = Release|Any CPU
		{66F40477-15F9-4DC9-87D2-EB62CF76589A}.Release|Any CPU.Build.0 = Release|Any CPU
		{6113CF8F-26C9-4332-B0FF-D7753F342954}.Debug|Any CPU.ActiveCfg = Debug|Any CPU
		{6113CF8F-26C9-4332-B0FF-D7753F342954}.Debug|Any CPU.Build.0 = Debug|Any CPU
		{6113CF8F-26C9-4332-B0FF-D7753F342954}.Release|Any CPU.ActiveCfg = Release|Any CPU
		{6113CF8F-26C9-4332-B0FF-D7753F342954}.Release|Any CPU.Build.0 = Release|Any CPU
		{BE3AA634-1B95-4398-B9F9-D4F29662B3AF}.Debug|Any CPU.ActiveCfg = Debug|Any CPU
		{BE3AA634-1B95-4398-B9F9-D4F29662B3AF}.Debug|Any CPU.Build.0 = Debug|Any CPU
		{BE3AA634-1B95-4398-B9F9-D4F29662B3AF}.Release|Any CPU.ActiveCfg = Release|Any CPU
		{BE3AA634-1B95-4398-B9F9-D4F29662B3AF}.Release|Any CPU.Build.0 = Release|Any CPU
	EndGlobalSection
EndGlobal
